{
  "name": "create-vue-cli",
  "version": "1.0.0",
  "lockfileVersion": 2,
  "requires": true,
  "packages": {
    "": {
      "version": "1.0.0",
      "license": "ISC",
      "dependencies": {
        "commander": "^7.2.0"
      }
    },
    "node_modules/commander": {
      "version": "7.2.0",
      "resolved": "https://registry.nlark.com/commander/download/commander-7.2.0.tgz?cache=0&sync_timestamp=1618847060379&other_urls=https%3A%2F%2Fregistry.nlark.com%2Fcommander%2Fdownload%2Fcommander-7.2.0.tgz",
      "integrity": "sha1-o2y1fQtQHOEI5NIFWaFQo5HZerc=",
      "engines": {
        "node": ">= 10"
      }
    }
  },
  "dependencies": {
    "commander": {
      "version": "7.2.0",
      "resolved": "https://registry.nlark.com/commander/download/commander-7.2.0.tgz?cache=0&sync_timestamp=1618847060379&other_urls=https%3A%2F%2Fregistry.nlark.com%2Fcommander%2Fdownload%2Fcommander-7.2.0.tgz",
      "integrity": "sha1-o2y1fQtQHOEI5NIFWaFQo5HZerc="
    }
  }
}
